{
  "name": "@ctugui-endava/npm-github-test-receiver",
  "version": "1.2.0",
  "lockfileVersion": 2,
  "requires": true,
  "packages": {
    "": {
      "name": "@ctugui-endava/npm-github-test-receiver",
      "version": "1.2.0",
      "license": "MIT",
      "dependencies": {
        "@ctugui-endava/npm-github-test": "1.*"
      },
      "devDependencies": {}
    },
    "node_modules/@ctugui-endava/npm-github-test": {
      "version": "1.4.0",
      "resolved": "https://npm.pkg.github.com/download/@ctugui-endava/npm-github-test/1.4.0/0f76b3b1b13b8b2d8562c75400507ebddbd801f4",
      "integrity": "sha512-LmzOqvwDff2+BgmmmgLdeSOTsjNPk+Oh1/1VR2OV8V0b/wh7fNTZ6dhn32Qj7IcQxorPRMSfee8e5wP7/57Kew==",
      "license": "MIT"
    }
  },
  "dependencies": {
    "@ctugui-endava/npm-github-test": {
      "version": "1.4.0",
      "resolved": "https://npm.pkg.github.com/download/@ctugui-endava/npm-github-test/1.4.0/0f76b3b1b13b8b2d8562c75400507ebddbd801f4",
      "integrity": "sha512-LmzOqvwDff2+BgmmmgLdeSOTsjNPk+Oh1/1VR2OV8V0b/wh7fNTZ6dhn32Qj7IcQxorPRMSfee8e5wP7/57Kew=="
    }
  }
}
